
Microsoft Visual Studio Solution File, Format Version 12.00
# Visual Studio Version 17
VisualStudioVersion = 17.5.002.0
MinimumVisualStudioVersion = 10.0.40219.1
Project("{9A19103F-16F7-4668-BE54-9A1E7A4F7556}") = "WhaleSpotting", "backend\WhaleSpotting.csproj", "{5289A373-7E50-459F-BB1A-024BB0A6EC07}"
EndProject
Project("{9A19103F-16F7-4668-BE54-9A1E7A4F7556}") = "backend.tests", "backend.tests\backend.tests.csproj", "{45FA4791-4C94-4D6E-AC1A-E08410DDFF5E}"
EndProject
Global
	GlobalSection(SolutionConfigurationPlatforms) = preSolution
		Debug|Any CPU = Debug|Any CPU
		Release|Any CPU = Release|Any CPU
	EndGlobalSection
	GlobalSection(ProjectConfigurationPlatforms) = postSolution
		{5289A373-7E50-459F-BB1A-024BB0A6EC07}.Debug|Any CPU.ActiveCfg = Debug|Any CPU
		{5289A373-7E50-459F-BB1A-024BB0A6EC07}.Debug|Any CPU.Build.0 = Debug|Any CPU
		{5289A373-7E50-459F-BB1A-024BB0A6EC07}.Release|Any CPU.ActiveCfg = Release|Any CPU
		{5289A373-7E50-459F-BB1A-024BB0A6EC07}.Release|Any CPU.Build.0 = Release|Any CPU
		{45FA4791-4C94-4D6E-AC1A-E08410DDFF5E}.Debug|Any CPU.ActiveCfg = Debug|Any CPU
		{45FA4791-4C94-4D6E-AC1A-E08410DDFF5E}.Debug|Any CPU.Build.0 = Debug|Any CPU
		{45FA4791-4C94-4D6E-AC1A-E08410DDFF5E}.Release|Any CPU.ActiveCfg = Release|Any CPU
		{45FA4791-4C94-4D6E-AC1A-E08410DDFF5E}.Release|Any CPU.Build.0 = Release|Any CPU
	EndGlobalSection
	GlobalSection(SolutionProperties) = preSolution
		HideSolutionNode = FALSE
	EndGlobalSection
	GlobalSection(ExtensibilityGlobals) = postSolution
		SolutionGuid = {8484769C-96A2-449E-9969-422DCADCD343}
	EndGlobalSection
EndGlobal
