
Microsoft Visual Studio Solution File, Format Version 12.00
# Visual Studio Version 17
VisualStudioVersion = 17.5.002.0
MinimumVisualStudioVersion = 10.0.40219.1
Project("{9A19103F-16F7-4668-BE54-9A1E7A4F7556}") = "WhaleSpotting", "backend\WhaleSpotting.csproj", "{4D5232E6-568A-456B-AB8B-B90ECE6AD02E}"
EndProject
Project("{9A19103F-16F7-4668-BE54-9A1E7A4F7556}") = "backend.tests", "backend.tests\backend.tests.csproj", "{A091B567-A1CA-493D-9C8D-63680461AC5D}"
EndProject
Global
	GlobalSection(SolutionConfigurationPlatforms) = preSolution
		Debug|Any CPU = Debug|Any CPU
		Release|Any CPU = Release|Any CPU
	EndGlobalSection
	GlobalSection(ProjectConfigurationPlatforms) = postSolution
		{4D5232E6-568A-456B-AB8B-B90ECE6AD02E}.Debug|Any CPU.ActiveCfg = Debug|Any CPU
		{4D5232E6-568A-456B-AB8B-B90ECE6AD02E}.Debug|Any CPU.Build.0 = Debug|Any CPU
		{4D5232E6-568A-456B-AB8B-B90ECE6AD02E}.Release|Any CPU.ActiveCfg = Release|Any CPU
		{4D5232E6-568A-456B-AB8B-B90ECE6AD02E}.Release|Any CPU.Build.0 = Release|Any CPU
		{A091B567-A1CA-493D-9C8D-63680461AC5D}.Debug|Any CPU.ActiveCfg = Debug|Any CPU
		{A091B567-A1CA-493D-9C8D-63680461AC5D}.Debug|Any CPU.Build.0 = Debug|Any CPU
		{A091B567-A1CA-493D-9C8D-63680461AC5D}.Release|Any CPU.ActiveCfg = Release|Any CPU
		{A091B567-A1CA-493D-9C8D-63680461AC5D}.Release|Any CPU.Build.0 = Release|Any CPU
	EndGlobalSection
	GlobalSection(SolutionProperties) = preSolution
		HideSolutionNode = FALSE
	EndGlobalSection
	GlobalSection(ExtensibilityGlobals) = postSolution
		SolutionGuid = {8484769C-96A2-449E-9969-422DCADCD343}
	EndGlobalSection
EndGlobal
